
Microsoft Visual Studio Solution File, Format Version 12.00
# Visual Studio Version 17
VisualStudioVersion = 17.5.33502.453
MinimumVisualStudioVersion = 10.0.40219.1
Project("{9A19103F-16F7-4668-BE54-9A1E7A4F7556}") = "Rabbit.Publisher.WebApi", "Rabbit.Publisher.WebApi\Rabbit.Publisher.WebApi.csproj", "{0FFD5EFE-10BB-48BD-9893-9DFC9B378AA7}"
EndProject
Project("{9A19103F-16F7-4668-BE54-9A1E7A4F7556}") = "Rabbit.Consumer", "Rabbit.Consumer\Rabbit.Consumer.csproj", "{4A320647-D5B8-40C8-A44B-472B94DB43AE}"
EndProject
Project("{9A19103F-16F7-4668-BE54-9A1E7A4F7556}") = "Rabbit.Models", "Rabbit.Models\Rabbit.Models.csproj", "{C191AA22-27C8-494C-95C3-17A25582FCC2}"
EndProject
Project("{9A19103F-16F7-4668-BE54-9A1E7A4F7556}") = "Rabbit.Services", "Rabbit.Services\Rabbit.Services.csproj", "{4490B264-044A-44AA-A3B7-60E00BC313D6}"
EndProject
Project("{FAE04EC0-301F-11D3-BF4B-00C04F79EFBC}") = "Rabbit.Publishers", "Rabbit.Publishers\Rabbit.Publishers.csproj", "{C4EFFAA4-945D-497A-AD21-CE0C3615C8DB}"
EndProject
Global
	GlobalSection(SolutionConfigurationPlatforms) = preSolution
		Debug|Any CPU = Debug|Any CPU
		Release|Any CPU = Release|Any CPU
	EndGlobalSection
	GlobalSection(ProjectConfigurationPlatforms) = postSolution
		{0FFD5EFE-10BB-48BD-9893-9DFC9B378AA7}.Debug|Any CPU.ActiveCfg = Debug|Any CPU
		{0FFD5EFE-10BB-48BD-9893-9DFC9B378AA7}.Debug|Any CPU.Build.0 = Debug|Any CPU
		{0FFD5EFE-10BB-48BD-9893-9DFC9B378AA7}.Release|Any CPU.ActiveCfg = Release|Any CPU
		{0FFD5EFE-10BB-48BD-9893-9DFC9B378AA7}.Release|Any CPU.Build.0 = Release|Any CPU
		{4A320647-D5B8-40C8-A44B-472B94DB43AE}.Debug|Any CPU.ActiveCfg = Debug|Any CPU
		{4A320647-D5B8-40C8-A44B-472B94DB43AE}.Debug|Any CPU.Build.0 = Debug|Any CPU
		{4A320647-D5B8-40C8-A44B-472B94DB43AE}.Release|Any CPU.ActiveCfg = Release|Any CPU
		{4A320647-D5B8-40C8-A44B-472B94DB43AE}.Release|Any CPU.Build.0 = Release|Any CPU
		{C191AA22-27C8-494C-95C3-17A25582FCC2}.Debug|Any CPU.ActiveCfg = Debug|Any CPU
		{C191AA22-27C8-494C-95C3-17A25582FCC2}.Debug|Any CPU.Build.0 = Debug|Any CPU
		{C191AA22-27C8-494C-95C3-17A25582FCC2}.Release|Any CPU.ActiveCfg = Release|Any CPU
		{C191AA22-27C8-494C-95C3-17A25582FCC2}.Release|Any CPU.Build.0 = Release|Any CPU
		{4490B264-044A-44AA-A3B7-60E00BC313D6}.Debug|Any CPU.ActiveCfg = Debug|Any CPU
		{4490B264-044A-44AA-A3B7-60E00BC313D6}.Debug|Any CPU.Build.0 = Debug|Any CPU
		{4490B264-044A-44AA-A3B7-60E00BC313D6}.Release|Any CPU.ActiveCfg = Release|Any CPU
		{4490B264-044A-44AA-A3B7-60E00BC313D6}.Release|Any CPU.Build.0 = Release|Any CPU
		{C4EFFAA4-945D-497A-AD21-CE0C3615C8DB}.Debug|Any CPU.ActiveCfg = Debug|Any CPU
		{C4EFFAA4-945D-497A-AD21-CE0C3615C8DB}.Debug|Any CPU.Build.0 = Debug|Any CPU
		{C4EFFAA4-945D-497A-AD21-CE0C3615C8DB}.Release|Any CPU.ActiveCfg = Release|Any CPU
		{C4EFFAA4-945D-497A-AD21-CE0C3615C8DB}.Release|Any CPU.Build.0 = Release|Any CPU
	EndGlobalSection
	GlobalSection(SolutionProperties) = preSolution
		HideSolutionNode = FALSE
	EndGlobalSection
	GlobalSection(ExtensibilityGlobals) = postSolution
		SolutionGuid = {24977EAF-63FD-4320-9B45-980FAD984EF7}
	EndGlobalSection
EndGlobal
